
Microsoft Visual Studio Solution File, Format Version 12.00
# Visual Studio Version 17
VisualStudioVersion = 17.14.36109.1 d17.14
MinimumVisualStudioVersion = 10.0.40219.1
Project("{FAE04EC0-301F-11D3-BF4B-00C04F79EFBC}") = "StudentGradeManagement", "StudentGradeManagement\StudentGradeManagement.csproj", "{16C346BC-7797-40E7-9BE3-B892BD8520D0}"
EndProject
Project("{FAE04EC0-301F-11D3-BF4B-00C04F79EFBC}") = "StudentGradeManagement.Core", "StudentGradeManagement.Core\StudentGradeManagement.Core.csproj", "{6012E8A1-DDDD-405C-B812-33E28B39B5D5}"
EndProject
Global
	GlobalSection(SolutionConfigurationPlatforms) = preSolution
		Debug|Any CPU = Debug|Any CPU
		Release|Any CPU = Release|Any CPU
	EndGlobalSection
	GlobalSection(ProjectConfigurationPlatforms) = postSolution
		{16C346BC-7797-40E7-9BE3-B892BD8520D0}.Debug|Any CPU.ActiveCfg = Debug|Any CPU
		{16C346BC-7797-40E7-9BE3-B892BD8520D0}.Debug|Any CPU.Build.0 = Debug|Any CPU
		{16C346BC-7797-40E7-9BE3-B892BD8520D0}.Release|Any CPU.ActiveCfg = Release|Any CPU
		{16C346BC-7797-40E7-9BE3-B892BD8520D0}.Release|Any CPU.Build.0 = Release|Any CPU
		{6012E8A1-DDDD-405C-B812-33E28B39B5D5}.Debug|Any CPU.ActiveCfg = Debug|Any CPU
		{6012E8A1-DDDD-405C-B812-33E28B39B5D5}.Debug|Any CPU.Build.0 = Debug|Any CPU
		{6012E8A1-DDDD-405C-B812-33E28B39B5D5}.Release|Any CPU.ActiveCfg = Release|Any CPU
		{6012E8A1-DDDD-405C-B812-33E28B39B5D5}.Release|Any CPU.Build.0 = Release|Any CPU
	EndGlobalSection
	GlobalSection(SolutionProperties) = preSolution
		HideSolutionNode = FALSE
	EndGlobalSection
	GlobalSection(ExtensibilityGlobals) = postSolution
		SolutionGuid = {8B01E4FC-F0A2-443B-A983-93D2DA8DB48B}
	EndGlobalSection
EndGlobal
